dependencies:
- name: common
  repository: https://charts.bitnami.com/bitnami
  version: 2.27.0
- name: iam-runtime-infratographer
  repository: https://infratographer.github.io/charts
  version: v0.6.0
digest: sha256:ffbe9cda2cf84ea12e58d758833f33e054ea88d54d9db23f5184d5b8639b6264
generated: "2024-12-05T22:32:06.191510122Z"
