dependencies:
- name: common
  repository: https://charts.bitnami.com/bitnami
  version: 2.26.0
- name: iam-runtime-infratographer
  repository: https://infratographer.github.io/charts
  version: v0.4.7
digest: sha256:2167e14856b3d461559b04b94170ca63136c34ad7087100f6db0e4578356876a
generated: "2024-10-14T10:17:54.510041122Z"
