dependencies:
- name: common
  repository: https://charts.bitnami.com/bitnami
  version: 2.22.0
- name: iam-runtime-infratographer
  repository: https://infratographer.github.io/charts
  version: v0.4.7
digest: sha256:067616d11d02ec20315f919929bd712f9de64824e53b58646f21d1129e2c2d26
generated: "2024-08-09T15:51:33.534848953Z"
